// !$*UTF8*$!
{
	archiveVersion = 1;
	classes = {
	};
	objectVersion = 46;
	objects = {

/* Begin PBXBuildFile section */
		6BEB8A3C1BC2E323009CCD49 /* AppDelegate.swift in Sources */ = {isa = PBXBuildFile; fileRef = 6BEB8A3B1BC2E323009CCD49 /* AppDelegate.swift */; };
		6BEB8A3E1BC2E323009CCD49 /* ViewController.swift in Sources */ = {isa = PBXBuildFile; fileRef = 6BEB8A3D1BC2E323009CCD49 /* ViewController.swift */; };
		6BEB8A411BC2E323009CCD49 /* Main.storyboard in Resources */ = {isa = PBXBuildFile; fileRef = 6BEB8A3F1BC2E323009CCD49 /* Main.storyboard */; };
		6BEB8A431BC2E323009CCD49 /* Assets.xcassets in Resources */ = {isa = PBXBuildFile; fileRef = 6BEB8A421BC2E323009CCD49 /* Assets.xcassets */; };
		6BEB8A461BC2E323009CCD49 /* LaunchScreen.storyboard in Resources */ = {isa = PBXBuildFile; fileRef = 6BEB8A441BC2E323009CCD49 /* LaunchScreen.storyboard */; };
		6BEB8A511BC2E323009CCD49 /* LimonadeStanTests.swift in Sources */ = {isa = PBXBuildFile; fileRef = 6BEB8A501BC2E323009CCD49 /* LimonadeStanTests.swift */; };
		6BEB8A5C1BC2E323009CCD49 /* LimonadeStanUITests.swift in Sources */ = {isa = PBXBuildFile; fileRef = 6BEB8A5B1BC2E323009CCD49 /* LimonadeStanUITests.swift */; };
		6BEB8A6A1BC2FC65009CCD49 /* Supplies.swift in Sources */ = {isa = PBXBuildFile; fileRef = 6BEB8A691BC2FC65009CCD49 /* Supplies.swift */; settings = {ASSET_TAGS = (); }; };
		6BEB8A6C1BC2FCC5009CCD49 /* Price.swift in Sources */ = {isa = PBXBuildFile; fileRef = 6BEB8A6B1BC2FCC5009CCD49 /* Price.swift */; settings = {ASSET_TAGS = (); }; };
/* End PBXBuildFile section */

/* Begin PBXContainerItemProxy section */
		6BEB8A4D1BC2E323009CCD49 /* PBXContainerItemProxy */ = {
			isa = PBXContainerItemProxy;
			containerPortal = 6BEB8A301BC2E323009CCD49 /* Project object */;
			proxyType = 1;
			remoteGlobalIDString = 6BEB8A371BC2E323009CCD49;
			remoteInfo = LimonadeStan;
		};
		6BEB8A581BC2E323009CCD49 /* PBXContainerItemProxy */ = {
			isa = PBXContainerItemProxy;
			containerPortal = 6BEB8A301BC2E323009CCD49 /* Project object */;
			proxyType = 1;
			remoteGlobalIDString = 6BEB8A371BC2E323009CCD49;
			remoteInfo = LimonadeStan;
		};
/* End PBXContainerItemProxy section */

/* Begin PBXFileReference section */
		6BEB8A381BC2E323009CCD49 /* LimonadeStan.app */ = {isa = PBXFileReference; explicitFileType = wrapper.application; includeInIndex = 0; path = LimonadeStan.app; sourceTree = BUILT_PRODUCTS_DIR; };
		6BEB8A3B1BC2E323009CCD49 /* AppDelegate.swift */ = {isa = PBXFileReference; lastKnownFileType = sourcecode.swift; path = AppDelegate.swift; sourceTree = "<group>"; };
		6BEB8A3D1BC2E323009CCD49 /* ViewController.swift */ = {isa = PBXFileReference; lastKnownFileType = sourcecode.swift; path = ViewController.swift; sourceTree = "<group>"; };
		6BEB8A401BC2E323009CCD49 /* Base */ = {isa = PBXFileReference; lastKnownFileType = file.storyboard; name = Base; path = Base.lproj/Main.storyboard; sourceTree = "<group>"; };
		6BEB8A421BC2E323009CCD49 /* Assets.xcassets */ = {isa = PBXFileReference; lastKnownFileType = folder.assetcatalog; path = Assets.xcassets; sourceTree = "<group>"; };
		6BEB8A451BC2E323009CCD49 /* Base */ = {isa = PBXFileReference; lastKnownFileType = file.storyboard; name = Base; path = Base.lproj/LaunchScreen.storyboard; sourceTree = "<group>"; };
		6BEB8A471BC2E323009CCD49 /* Info.plist */ = {isa = PBXFileReference; lastKnownFileType = text.plist.xml; path = Info.plist; sourceTree = "<group>"; };
		6BEB8A4C1BC2E323009CCD49 /* LimonadeStanTests.xctest */ = {isa = PBXFileReference; explicitFileType = wrapper.cfbundle; includeInIndex = 0; path = LimonadeStanTests.xctest; sourceTree = BUILT_PRODUCTS_DIR; };
		6BEB8A501BC2E323009CCD49 /* LimonadeStanTests.swift */ = {isa = PBXFileReference; lastKnownFileType = sourcecode.swift; path = LimonadeStanTests.swift; sourceTree = "<group>"; };
		6BEB8A521BC2E323009CCD49 /* Info.plist */ = {isa = PBXFileReference; lastKnownFileType = text.plist.xml; path = Info.plist; sourceTree = "<group>"; };
		6BEB8A571BC2E323009CCD49 /* LimonadeStanUITests.xctest */ = {isa = PBXFileReference; explicitFileType = wrapper.cfbundle; includeInIndex = 0; path = LimonadeStanUITests.xctest; sourceTree = BUILT_PRODUCTS_DIR; };
		6BEB8A5B1BC2E323009CCD49 /* LimonadeStanUITests.swift */ = {isa = PBXFileReference; lastKnownFileType = sourcecode.swift; path = LimonadeStanUITests.swift; sourceTree = "<group>"; };
		6BEB8A5D1BC2E323009CCD49 /* Info.plist */ = {isa = PBXFileReference; lastKnownFileType = text.plist.xml; path = Info.plist; sourceTree = "<group>"; };
		6BEB8A691BC2FC65009CCD49 /* Supplies.swift */ = {isa = PBXFileReference; fileEncoding = 4; lastKnownFileType = sourcecode.swift; path = Supplies.swift; sourceTree = "<group>"; };
		6BEB8A6B1BC2FCC5009CCD49 /* Price.swift */ = {isa = PBXFileReference; fileEncoding = 4; lastKnownFileType = sourcecode.swift; path = Price.swift; sourceTree = "<group>"; };
/* End PBXFileReference section */

/* Begin PBXFrameworksBuildPhase section */
		6BEB8A351BC2E323009CCD49 /* Frameworks */ = {
			isa = PBXFrameworksBuildPhase;
			buildActionMask = 2147483647;
			files = (
			);
			runOnlyForDeploymentPostprocessing = 0;
		};
		6BEB8A491BC2E323009CCD49 /* Frameworks */ = {
			isa = PBXFrameworksBuildPhase;
			buildActionMask = 2147483647;
			files = (
			);
			runOnlyForDeploymentPostprocessing = 0;
		};
		6BEB8A541BC2E323009CCD49 /* Frameworks */ = {
			isa = PBXFrameworksBuildPhase;
			buildActionMask = 2147483647;
			files = (
			);
			runOnlyForDeploymentPostprocessing = 0;
		};
/* End PBXFrameworksBuildPhase section */

/* Begin PBXGroup section */
		6BEB8A2F1BC2E323009CCD49 = {
			isa = PBXGroup;
			children = (
				6BEB8A3A1BC2E323009CCD49 /* LimonadeStan */,
				6BEB8A4F1BC2E323009CCD49 /* LimonadeStanTests */,
				6BEB8A5A1BC2E323009CCD49 /* LimonadeStanUITests */,
				6BEB8A391BC2E323009CCD49 /* Products */,
			);
			sourceTree = "<group>";
		};
		6BEB8A391BC2E323009CCD49 /* Products */ = {
			isa = PBXGroup;
			children = (
				6BEB8A381BC2E323009CCD49 /* LimonadeStan.app */,
				6BEB8A4C1BC2E323009CCD49 /* LimonadeStanTests.xctest */,
				6BEB8A571BC2E323009CCD49 /* LimonadeStanUITests.xctest */,
			);
			name = Products;
			sourceTree = "<group>";
		};
		6BEB8A3A1BC2E323009CCD49 /* LimonadeStan */ = {
			isa = PBXGroup;
			children = (
				6BEB8A3B1BC2E323009CCD49 /* AppDelegate.swift */,
				6BEB8A3D1BC2E323009CCD49 /* ViewController.swift */,
				6BEB8A691BC2FC65009CCD49 /* Supplies.swift */,
				6BEB8A6B1BC2FCC5009CCD49 /* Price.swift */,
				6BEB8A3F1BC2E323009CCD49 /* Main.storyboard */,
				6BEB8A421BC2E323009CCD49 /* Assets.xcassets */,
				6BEB8A441BC2E323009CCD49 /* LaunchScreen.storyboard */,
				6BEB8A471BC2E323009CCD49 /* Info.plist */,
			);
			path = LimonadeStan;
			sourceTree = "<group>";
		};
		6BEB8A4F1BC2E323009CCD49 /* LimonadeStanTests */ = {
			isa = PBXGroup;
			children = (
				6BEB8A501BC2E323009CCD49 /* LimonadeStanTests.swift */,
				6BEB8A521BC2E323009CCD49 /* Info.plist */,
			);
			path = LimonadeStanTests;
			sourceTree = "<group>";
		};
		6BEB8A5A1BC2E323009CCD49 /* LimonadeStanUITests */ = {
			isa = PBXGroup;
			children = (
				6BEB8A5B1BC2E323009CCD49 /* LimonadeStanUITests.swift */,
				6BEB8A5D1BC2E323009CCD49 /* Info.plist */,
			);
			path = LimonadeStanUITests;
			sourceTree = "<group>";
		};
/* End PBXGroup section */

/* Begin PBXNativeTarget section */
		6BEB8A371BC2E323009CCD49 /* LimonadeStan */ = {
			isa = PBXNativeTarget;
			buildConfigurationList = 6BEB8A601BC2E323009CCD49 /* Build configuration list for PBXNativeTarget "LimonadeStan" */;
			buildPhases = (
				6BEB8A341BC2E323009CCD49 /* Sources */,
				6BEB8A351BC2E323009CCD49 /* Frameworks */,
				6BEB8A361BC2E323009CCD49 /* Resources */,
			);
			buildRules = (
			);
			dependencies = (
			);
			name = LimonadeStan;
			productName = LimonadeStan;
			productReference = 6BEB8A381BC2E323009CCD49 /* LimonadeStan.app */;
			productType = "com.apple.product-type.application";
		};
		6BEB8A4B1BC2E323009CCD49 /* LimonadeStanTests */ = {
			isa = PBXNativeTarget;
			buildConfigurationList = 6BEB8A631BC2E323009CCD49 /* Build configuration list for PBXNativeTarget "LimonadeStanTests" */;
			buildPhases = (
				6BEB8A481BC2E323009CCD49 /* Sources */,
				6BEB8A491BC2E323009CCD49 /* Frameworks */,
				6BEB8A4A1BC2E323009CCD49 /* Resources */,
			);
			buildRules = (
			);
			dependencies = (
				6BEB8A4E1BC2E323009CCD49 /* PBXTargetDependency */,
			);
			name = LimonadeStanTests;
			productName = LimonadeStanTests;
			productReference = 6BEB8A4C1BC2E323009CCD49 /* LimonadeStanTests.xctest */;
			productType = "com.apple.product-type.bundle.unit-test";
		};
		6BEB8A561BC2E323009CCD49 /* LimonadeStanUITests */ = {
			isa = PBXNativeTarget;
			buildConfigurationList = 6BEB8A661BC2E323009CCD49 /* Build configuration list for PBXNativeTarget "LimonadeStanUITests" */;
			buildPhases = (
				6BEB8A531BC2E323009CCD49 /* Sources */,
				6BEB8A541BC2E323009CCD49 /* Frameworks */,
				6BEB8A551BC2E323009CCD49 /* Resources */,
			);
			buildRules = (
			);
			dependencies = (
				6BEB8A591BC2E323009CCD49 /* PBXTargetDependency */,
			);
			name = LimonadeStanUITests;
			productName = LimonadeStanUITests;
			productReference = 6BEB8A571BC2E323009CCD49 /* LimonadeStanUITests.xctest */;
			productType = "com.apple.product-type.bundle.ui-testing";
		};
/* End PBXNativeTarget section */

/* Begin PBXProject section */
		6BEB8A301BC2E323009CCD49 /* Project object */ = {
			isa = PBXProject;
			attributes = {
				LastUpgradeCheck = 0700;
				ORGANIZATIONNAME = "Edgard Maciel";
				TargetAttributes = {
					6BEB8A371BC2E323009CCD49 = {
						CreatedOnToolsVersion = 7.0.1;
					};
					6BEB8A4B1BC2E323009CCD49 = {
						CreatedOnToolsVersion = 7.0.1;
						TestTargetID = 6BEB8A371BC2E323009CCD49;
					};
					6BEB8A561BC2E323009CCD49 = {
						CreatedOnToolsVersion = 7.0.1;
						TestTargetID = 6BEB8A371BC2E323009CCD49;
					};
				};
			};
			buildConfigurationList = 6BEB8A331BC2E323009CCD49 /* Build configuration list for PBXProject "LimonadeStan" */;
			compatibilityVersion = "Xcode 3.2";
			developmentRegion = English;
			hasScannedForEncodings = 0;
			knownRegions = (
				en,
				Base,
			);
			mainGroup = 6BEB8A2F1BC2E323009CCD49;
			productRefGroup = 6BEB8A391BC2E323009CCD49 /* Products */;
			projectDirPath = "";
			projectRoot = "";
			targets = (
				6BEB8A371BC2E323009CCD49 /* LimonadeStan */,
				6BEB8A4B1BC2E323009CCD49 /* LimonadeStanTests */,
				6BEB8A561BC2E323009CCD49 /* LimonadeStanUITests */,
			);
		};
/* End PBXProject section */

/* Begin PBXResourcesBuildPhase section */
		6BEB8A361BC2E323009CCD49 /* Resources */ = {
			isa = PBXResourcesBuildPhase;
			buildActionMask = 2147483647;
			files = (
				6BEB8A461BC2E323009CCD49 /* LaunchScreen.storyboard in Resources */,
				6BEB8A431BC2E323009CCD49 /* Assets.xcassets in Resources */,
				6BEB8A411BC2E323009CCD49 /* Main.storyboard in Resources */,
			);
			runOnlyForDeploymentPostprocessing = 0;
		};
		6BEB8A4A1BC2E323009CCD49 /* Resources */ = {
			isa = PBXResourcesBuildPhase;
			buildActionMask = 2147483647;
			files = (
			);
			runOnlyForDeploymentPostprocessing = 0;
		};
		6BEB8A551BC2E323009CCD49 /* Resources */ = {
			isa = PBXResourcesBuildPhase;
			buildActionMask = 2147483647;
			files = (
			);
			runOnlyForDeploymentPostprocessing = 0;
		};
/* End PBXResourcesBuildPhase section */

/* Begin PBXSourcesBuildPhase section */
		6BEB8A341BC2E323009CCD49 /* Sources */ = {
			isa = PBXSourcesBuildPhase;
			buildActionMask = 2147483647;
			files = (
				6BEB8A3E1BC2E323009CCD49 /* ViewController.swift in Sources */,
				6BEB8A6C1BC2FCC5009CCD49 /* Price.swift in Sources */,
				6BEB8A6A1BC2FC65009CCD49 /* Supplies.swift in Sources */,
				6BEB8A3C1BC2E323009CCD49 /* AppDelegate.swift in Sources */,
			);
			runOnlyForDeploymentPostprocessing = 0;
		};
		6BEB8A481BC2E323009CCD49 /* Sources */ = {
			isa = PBXSourcesBuildPhase;
			buildActionMask = 2147483647;
			files = (
				6BEB8A511BC2E323009CCD49 /* LimonadeStanTests.swift in Sources */,
			);
			runOnlyForDeploymentPostprocessing = 0;
		};
		6BEB8A531BC2E323009CCD49 /* Sources */ = {
			isa = PBXSourcesBuildPhase;
			buildActionMask = 2147483647;
			files = (
				6BEB8A5C1BC2E323009CCD49 /* LimonadeStanUITests.swift in Sources */,
			);
			runOnlyForDeploymentPostprocessing = 0;
		};
/* End PBXSourcesBuildPhase section */

/* Begin PBXTargetDependency section */
		6BEB8A4E1BC2E323009CCD49 /* PBXTargetDependency */ = {
			isa = PBXTargetDependency;
			target = 6BEB8A371BC2E323009CCD49 /* LimonadeStan */;
			targetProxy = 6BEB8A4D1BC2E323009CCD49 /* PBXContainerItemProxy */;
		};
		6BEB8A591BC2E323009CCD49 /* PBXTargetDependency */ = {
			isa = PBXTargetDependency;
			target = 6BEB8A371BC2E323009CCD49 /* LimonadeStan */;
			targetProxy = 6BEB8A581BC2E323009CCD49 /* PBXContainerItemProxy */;
		};
/* End PBXTargetDependency section */

/* Begin PBXVariantGroup section */
		6BEB8A3F1BC2E323009CCD49 /* Main.storyboard */ = {
			isa = PBXVariantGroup;
			children = (
				6BEB8A401BC2E323009CCD49 /* Base */,
			);
			name = Main.storyboard;
			sourceTree = "<group>";
		};
		6BEB8A441BC2E323009CCD49 /* LaunchScreen.storyboard */ = {
			isa = PBXVariantGroup;
			children = (
				6BEB8A451BC2E323009CCD49 /* Base */,
			);
			name = LaunchScreen.storyboard;
			sourceTree = "<group>";
		};
/* End PBXVariantGroup section */

/* Begin XCBuildConfiguration section */
		6BEB8A5E1BC2E323009CCD49 /* Debug */ = {
			isa = XCBuildConfiguration;
			buildSettings = {
				ALWAYS_SEARCH_USER_PATHS = NO;
				CLANG_CXX_LANGUAGE_STANDARD = "gnu++0x";
				CLANG_CXX_LIBRARY = "libc++";
				CLANG_ENABLE_MODULES = YES;
				CLANG_ENABLE_OBJC_ARC = YES;
				CLANG_WARN_BOOL_CONVERSION = YES;
				CLANG_WARN_CONSTANT_CONVERSION = YES;
				CLANG_WARN_DIRECT_OBJC_ISA_USAGE = YES_ERROR;
				CLANG_WARN_EMPTY_BODY = YES;
				CLANG_WARN_ENUM_CONVERSION = YES;
				CLANG_WARN_INT_CONVERSION = YES;
				CLANG_WARN_OBJC_ROOT_CLASS = YES_ERROR;
				CLANG_WARN_UNREACHABLE_CODE = YES;
				CLANG_WARN__DUPLICATE_METHOD_MATCH = YES;
				"CODE_SIGN_IDENTITY[sdk=iphoneos*]" = "iPhone Developer";
				COPY_PHASE_STRIP = NO;
				DEBUG_INFORMATION_FORMAT = dwarf;
				ENABLE_STRICT_OBJC_MSGSEND = YES;
				ENABLE_TESTABILITY = YES;
				GCC_C_LANGUAGE_STANDARD = gnu99;
				GCC_DYNAMIC_NO_PIC = NO;
				GCC_NO_COMMON_BLOCKS = YES;
				GCC_OPTIMIZATION_LEVEL = 0;
				GCC_PREPROCESSOR_DEFINITIONS = (
					"DEBUG=1",
					"$(inherited)",
				);
				GCC_WARN_64_TO_32_BIT_CONVERSION = YES;
				GCC_WARN_ABOUT_RETURN_TYPE = YES_ERROR;
				GCC_WARN_UNDECLARED_SELECTOR = YES;
				GCC_WARN_UNINITIALIZED_AUTOS = YES_AGGRESSIVE;
				GCC_WARN_UNUSED_FUNCTION = YES;
				GCC_WARN_UNUSED_VARIABLE = YES;
				IPHONEOS_DEPLOYMENT_TARGET = 9.0;
				MTL_ENABLE_DEBUG_INFO = YES;
				ONLY_ACTIVE_ARCH = YES;
				SDKROOT = iphoneos;
				SWIFT_OPTIMIZATION_LEVEL = "-Onone";
				TARGETED_DEVICE_FAMILY = "1,2";
			};
			name = Debug;
		};
		6BEB8A5F1BC2E323009CCD49 /* Release */ = {
			isa = XCBuildConfiguration;
			buildSettings = {
				ALWAYS_SEARCH_USER_PATHS = NO;
				CLANG_CXX_LANGUAGE_STANDARD = "gnu++0x";
				CLANG_CXX_LIBRARY = "libc++";
				CLANG_ENABLE_MODULES = YES;
				CLANG_ENABLE_OBJC_ARC = YES;
				CLANG_WARN_BOOL_CONVERSION = YES;
				CLANG_WARN_CONSTANT_CONVERSION = YES;
				CLANG_WARN_DIRECT_OBJC_ISA_USAGE = YES_ERROR;
				CLANG_WARN_EMPTY_BODY = YES;
				CLANG_WARN_ENUM_CONVERSION = YES;
				CLANG_WARN_INT_CONVERSION = YES;
				CLANG_WARN_OBJC_ROOT_CLASS = YES_ERROR;
				CLANG_WARN_UNREACHABLE_CODE = YES;
				CLANG_WARN__DUPLICATE_METHOD_MATCH = YES;
				"CODE_SIGN_IDENTITY[sdk=iphoneos*]" = "iPhone Developer";
				COPY_PHASE_STRIP = NO;
				DEBUG_INFORMATION_FORMAT = "dwarf-with-dsym";
				ENABLE_NS_ASSERTIONS = NO;
				ENABLE_STRICT_OBJC_MSGSEND = YES;
				GCC_C_LANGUAGE_STANDARD = gnu99;
				GCC_NO_COMMON_BLOCKS = YES;
				GCC_WARN_64_TO_32_BIT_CONVERSION = YES;
				GCC_WARN_ABOUT_RETURN_TYPE = YES_ERROR;
				GCC_WARN_UNDECLARED_SELECTOR = YES;
				GCC_WARN_UNINITIALIZED_AUTOS = YES_AGGRESSIVE;
				GCC_WARN_UNUSED_FUNCTION = YES;
				GCC_WARN_UNUSED_VARIABLE = YES;
				IPHONEOS_DEPLOYMENT_TARGET = 9.0;
				MTL_ENABLE_DEBUG_INFO = NO;
				SDKROOT = iphoneos;
				TARGETED_DEVICE_FAMILY = "1,2";
				VALIDATE_PRODUCT = YES;
			};
			name = Release;
		};
		6BEB8A611BC2E323009CCD49 /* Debug */ = {
			isa = XCBuildConfiguration;
			buildSettings = {
				ASSETCATALOG_COMPILER_APPICON_NAME = AppIcon;
				INFOPLIST_FILE = LimonadeStan/Info.plist;
				LD_RUNPATH_SEARCH_PATHS = "$(inherited) @executable_path/Frameworks";
				PRODUCT_BUNDLE_IDENTIFIER = edu.self.LimonadeStan;
				PRODUCT_NAME = "$(TARGET_NAME)";
			};
			name = Debug;
		};
		6BEB8A621BC2E323009CCD49 /* Release */ = {
			isa = XCBuildConfiguration;
			buildSettings = {
				ASSETCATALOG_COMPILER_APPICON_NAME = AppIcon;
				INFOPLIST_FILE = LimonadeStan/Info.plist;
				LD_RUNPATH_SEARCH_PATHS = "$(inherited) @executable_path/Frameworks";
				PRODUCT_BUNDLE_IDENTIFIER = edu.self.LimonadeStan;
				PRODUCT_NAME = "$(TARGET_NAME)";
			};
			name = Release;
		};
		6BEB8A641BC2E323009CCD49 /* Debug */ = {
			isa = XCBuildConfiguration;
			buildSettings = {
				BUNDLE_LOADER = "$(TEST_HOST)";
				INFOPLIST_FILE = LimonadeStanTests/Info.plist;
				LD_RUNPATH_SEARCH_PATHS = "$(inherited) @executable_path/Frameworks @loader_path/Frameworks";
				PRODUCT_BUNDLE_IDENTIFIER = edu.self.LimonadeStanTests;
				PRODUCT_NAME = "$(TARGET_NAME)";
				TEST_HOST = "$(BUILT_PRODUCTS_DIR)/LimonadeStan.app/LimonadeStan";
			};
			name = Debug;
		};
		6BEB8A651BC2E323009CCD49 /* Release */ = {
			isa = XCBuildConfiguration;
			buildSettings = {
				BUNDLE_LOADER = "$(TEST_HOST)";
				INFOPLIST_FILE = LimonadeStanTests/Info.plist;
				LD_RUNPATH_SEARCH_PATHS = "$(inherited) @executable_path/Frameworks @loader_path/Frameworks";
				PRODUCT_BUNDLE_IDENTIFIER = edu.self.LimonadeStanTests;
				PRODUCT_NAME = "$(TARGET_NAME)";
				TEST_HOST = "$(BUILT_PRODUCTS_DIR)/LimonadeStan.app/LimonadeStan";
			};
			name = Release;
		};
		6BEB8A671BC2E323009CCD49 /* Debug */ = {
			isa = XCBuildConfiguration;
			buildSettings = {
				INFOPLIST_FILE = LimonadeStanUITests/Info.plist;
				LD_RUNPATH_SEARCH_PATHS = "$(inherited) @executable_path/Frameworks @loader_path/Frameworks";
				PRODUCT_BUNDLE_IDENTIFIER = edu.self.LimonadeStanUITests;
				PRODUCT_NAME = "$(TARGET_NAME)";
				TEST_TARGET_NAME = LimonadeStan;
				USES_XCTRUNNER = YES;
			};
			name = Debug;
		};
		6BEB8A681BC2E323009CCD49 /* Release */ = {
			isa = XCBuildConfiguration;
			buildSettings = {
				INFOPLIST_FILE = LimonadeStanUITests/Info.plist;
				LD_RUNPATH_SEARCH_PATHS = "$(inherited) @executable_path/Frameworks @loader_path/Frameworks";
				PRODUCT_BUNDLE_IDENTIFIER = edu.self.LimonadeStanUITests;
				PRODUCT_NAME = "$(TARGET_NAME)";
				TEST_TARGET_NAME = LimonadeStan;
				USES_XCTRUNNER = YES;
			};
			name = Release;
		};
/* End XCBuildConfiguration section */

/* Begin XCConfigurationList section */
		6BEB8A331BC2E323009CCD49 /* Build configuration list for PBXProject "LimonadeStan" */ = {
			isa = XCConfigurationList;
			buildConfigurations = (
				6BEB8A5E1BC2E323009CCD49 /* Debug */,
				6BEB8A5F1BC2E323009CCD49 /* Release */,
			);
			defaultConfigurationIsVisible = 0;
			defaultConfigurationName = Release;
		};
		6BEB8A601BC2E323009CCD49 /* Build configuration list for PBXNativeTarget "LimonadeStan" */ = {
			isa = XCConfigurationList;
			buildConfigurations = (
				6BEB8A611BC2E323009CCD49 /* Debug */,
				6BEB8A621BC2E323009CCD49 /* Release */,
			);
			defaultConfigurationIsVisible = 0;
		};
		6BEB8A631BC2E323009CCD49 /* Build configuration list for PBXNativeTarget "LimonadeStanTests" */ = {
			isa = XCConfigurationList;
			buildConfigurations = (
				6BEB8A641BC2E323009CCD49 /* Debug */,
				6BEB8A651BC2E323009CCD49 /* Release */,
			);
			defaultConfigurationIsVisible = 0;
		};
		6BEB8A661BC2E323009CCD49 /* Build configuration list for PBXNativeTarget "LimonadeStanUITests" */ = {
			isa = XCConfigurationList;
			buildConfigurations = (
				6BEB8A671BC2E323009CCD49 /* Debug */,
				6BEB8A681BC2E323009CCD49 /* Release */,
			);
			defaultConfigurationIsVisible = 0;
		};
/* End XCConfigurationList section */
	};
	rootObject = 6BEB8A301BC2E323009CCD49 /* Project object */;
}
